
Microsoft Visual Studio Solution File, Format Version 12.00
# Visual Studio Version 17
VisualStudioVersion = 17.5.002.0
MinimumVisualStudioVersion = 10.0.40219.1
Project("{9A19103F-16F7-4668-BE54-9A1E7A4F7556}") = "Ahtapot Recipe", "Ahtapot Recipe.csproj", "{68E8B73C-70D5-40FA-AC59-DE3CF002AC5A}"
EndProject
Global
	GlobalSection(SolutionConfigurationPlatforms) = preSolution
		Debug|Any CPU = Debug|Any CPU
		Release|Any CPU = Release|Any CPU
	EndGlobalSection
	GlobalSection(ProjectConfigurationPlatforms) = postSolution
		{68E8B73C-70D5-40FA-AC59-DE3CF002AC5A}.Debug|Any CPU.ActiveCfg = Debug|Any CPU
		{68E8B73C-70D5-40FA-AC59-DE3CF002AC5A}.Debug|Any CPU.Build.0 = Debug|Any CPU
		{68E8B73C-70D5-40FA-AC59-DE3CF002AC5A}.Release|Any CPU.ActiveCfg = Release|Any CPU
		{68E8B73C-70D5-40FA-AC59-DE3CF002AC5A}.Release|Any CPU.Build.0 = Release|Any CPU
	EndGlobalSection
	GlobalSection(SolutionProperties) = preSolution
		HideSolutionNode = FALSE
	EndGlobalSection
	GlobalSection(ExtensibilityGlobals) = postSolution
		SolutionGuid = {C5F06C49-4CCA-4CB6-B5C8-2CE1F65FC7DA}
	EndGlobalSection
EndGlobal
